
Microsoft Visual Studio Solution File, Format Version 12.00
# Visual Studio 2013
VisualStudioVersion = 12.0.40629.0
MinimumVisualStudioVersion = 10.0.40219.1
Project("{FAE04EC0-301F-11D3-BF4B-00C04F79EFBC}") = "WalmartAisleFinderApp.Tests", "WalmartAisleFinderApp.Tests\WalmartAisleFinderApp.Tests.csproj", "{EE08642A-DDF1-45F1-8729-CFE3C85419B2}"
EndProject
Project("{FAE04EC0-301F-11D3-BF4B-00C04F79EFBC}") = "WalmartAisleFinderApp.Domain", "WalmartAisleFinderApp.Domain\WalmartAisleFinderApp.Domain.csproj", "{508BD905-746F-4D0B-8E4D-4CC65B4BB843}"
EndProject
Global
	GlobalSection(SolutionConfigurationPlatforms) = preSolution
		Debug|Any CPU = Debug|Any CPU
		Release|Any CPU = Release|Any CPU
	EndGlobalSection
	GlobalSection(ProjectConfigurationPlatforms) = postSolution
		{EE08642A-DDF1-45F1-8729-CFE3C85419B2}.Debug|Any CPU.ActiveCfg = Debug|Any CPU
		{EE08642A-DDF1-45F1-8729-CFE3C85419B2}.Debug|Any CPU.Build.0 = Debug|Any CPU
		{EE08642A-DDF1-45F1-8729-CFE3C85419B2}.Release|Any CPU.ActiveCfg = Release|Any CPU
		{EE08642A-DDF1-45F1-8729-CFE3C85419B2}.Release|Any CPU.Build.0 = Release|Any CPU
		{508BD905-746F-4D0B-8E4D-4CC65B4BB843}.Debug|Any CPU.ActiveCfg = Debug|Any CPU
		{508BD905-746F-4D0B-8E4D-4CC65B4BB843}.Debug|Any CPU.Build.0 = Debug|Any CPU
		{508BD905-746F-4D0B-8E4D-4CC65B4BB843}.Release|Any CPU.ActiveCfg = Release|Any CPU
		{508BD905-746F-4D0B-8E4D-4CC65B4BB843}.Release|Any CPU.Build.0 = Release|Any CPU
	EndGlobalSection
	GlobalSection(SolutionProperties) = preSolution
		HideSolutionNode = FALSE
	EndGlobalSection
EndGlobal
